// !$*UTF8*$!
{
	archiveVersion = 1;
	classes = {
	};
	objectVersion = 56;
	objects = {

/* Begin PBXBuildFile section */
		35F11D792AF1A2F100CD38FA /* AppDelegate.swift in Sources */ = {isa = PBXBuildFile; fileRef = 35F11D782AF1A2F100CD38FA /* AppDelegate.swift */; };
		35F11D7B2AF1A2F100CD38FA /* SceneDelegate.swift in Sources */ = {isa = PBXBuildFile; fileRef = 35F11D7A2AF1A2F100CD38FA /* SceneDelegate.swift */; };
		35F11D802AF1A2F100CD38FA /* Main.storyboard in Resources */ = {isa = PBXBuildFile; fileRef = 35F11D7E2AF1A2F100CD38FA /* Main.storyboard */; };
		35F11D832AF1A2F100CD38FA /* Game_of_Life.xcdatamodeld in Sources */ = {isa = PBXBuildFile; fileRef = 35F11D812AF1A2F100CD38FA /* Game_of_Life.xcdatamodeld */; };
		35F11D852AF1A2F300CD38FA /* Assets.xcassets in Resources */ = {isa = PBXBuildFile; fileRef = 35F11D842AF1A2F300CD38FA /* Assets.xcassets */; };
		35F11D882AF1A2F300CD38FA /* LaunchScreen.storyboard in Resources */ = {isa = PBXBuildFile; fileRef = 35F11D862AF1A2F300CD38FA /* LaunchScreen.storyboard */; };
		35F11D932AF1A2F300CD38FA /* Game_of_LifeTests.swift in Sources */ = {isa = PBXBuildFile; fileRef = 35F11D922AF1A2F300CD38FA /* Game_of_LifeTests.swift */; };
		35F11D9D2AF1A2F300CD38FA /* Game_of_LifeUITests.swift in Sources */ = {isa = PBXBuildFile; fileRef = 35F11D9C2AF1A2F300CD38FA /* Game_of_LifeUITests.swift */; };
		35F11D9F2AF1A2F300CD38FA /* Game_of_LifeUITestsLaunchTests.swift in Sources */ = {isa = PBXBuildFile; fileRef = 35F11D9E2AF1A2F300CD38FA /* Game_of_LifeUITestsLaunchTests.swift */; };
		35F11DAF2AF1A36700CD38FA /* Cell.swift in Sources */ = {isa = PBXBuildFile; fileRef = 35F11DAE2AF1A36700CD38FA /* Cell.swift */; };
		35F11DB12AF1AB5D00CD38FA /* ViewController.swift in Sources */ = {isa = PBXBuildFile; fileRef = 35F11DB02AF1AB5D00CD38FA /* ViewController.swift */; };
		35F11DB32AF1ABA000CD38FA /* Grid.swift in Sources */ = {isa = PBXBuildFile; fileRef = 35F11DB22AF1ABA000CD38FA /* Grid.swift */; };
/* End PBXBuildFile section */

/* Begin PBXContainerItemProxy section */
		35F11D8F2AF1A2F300CD38FA /* PBXContainerItemProxy */ = {
			isa = PBXContainerItemProxy;
			containerPortal = 35F11D6D2AF1A2F100CD38FA /* Project object */;
			proxyType = 1;
			remoteGlobalIDString = 35F11D742AF1A2F100CD38FA;
			remoteInfo = "Game of Life";
		};
		35F11D992AF1A2F300CD38FA /* PBXContainerItemProxy */ = {
			isa = PBXContainerItemProxy;
			containerPortal = 35F11D6D2AF1A2F100CD38FA /* Project object */;
			proxyType = 1;
			remoteGlobalIDString = 35F11D742AF1A2F100CD38FA;
			remoteInfo = "Game of Life";
		};
/* End PBXContainerItemProxy section */

/* Begin PBXFileReference section */
		35F11D752AF1A2F100CD38FA /* Game of Life.app */ = {isa = PBXFileReference; explicitFileType = wrapper.application; includeInIndex = 0; path = "Game of Life.app"; sourceTree = BUILT_PRODUCTS_DIR; };
		35F11D782AF1A2F100CD38FA /* AppDelegate.swift */ = {isa = PBXFileReference; lastKnownFileType = sourcecode.swift; path = AppDelegate.swift; sourceTree = "<group>"; };
		35F11D7A2AF1A2F100CD38FA /* SceneDelegate.swift */ = {isa = PBXFileReference; lastKnownFileType = sourcecode.swift; path = SceneDelegate.swift; sourceTree = "<group>"; };
		35F11D7F2AF1A2F100CD38FA /* Base */ = {isa = PBXFileReference; lastKnownFileType = file.storyboard; name = Base; path = Base.lproj/Main.storyboard; sourceTree = "<group>"; };
		35F11D822AF1A2F100CD38FA /* Game_of_Life.xcdatamodel */ = {isa = PBXFileReference; lastKnownFileType = wrapper.xcdatamodel; path = Game_of_Life.xcdatamodel; sourceTree = "<group>"; };
		35F11D842AF1A2F300CD38FA /* Assets.xcassets */ = {isa = PBXFileReference; lastKnownFileType = folder.assetcatalog; path = Assets.xcassets; sourceTree = "<group>"; };
		35F11D872AF1A2F300CD38FA /* Base */ = {isa = PBXFileReference; lastKnownFileType = file.storyboard; name = Base; path = Base.lproj/LaunchScreen.storyboard; sourceTree = "<group>"; };
		35F11D892AF1A2F300CD38FA /* Info.plist */ = {isa = PBXFileReference; lastKnownFileType = text.plist.xml; path = Info.plist; sourceTree = "<group>"; };
		35F11D8E2AF1A2F300CD38FA /* Game of LifeTests.xctest */ = {isa = PBXFileReference; explicitFileType = wrapper.cfbundle; includeInIndex = 0; path = "Game of LifeTests.xctest"; sourceTree = BUILT_PRODUCTS_DIR; };
		35F11D922AF1A2F300CD38FA /* Game_of_LifeTests.swift */ = {isa = PBXFileReference; lastKnownFileType = sourcecode.swift; path = Game_of_LifeTests.swift; sourceTree = "<group>"; };
		35F11D982AF1A2F300CD38FA /* Game of LifeUITests.xctest */ = {isa = PBXFileReference; explicitFileType = wrapper.cfbundle; includeInIndex = 0; path = "Game of LifeUITests.xctest"; sourceTree = BUILT_PRODUCTS_DIR; };
		35F11D9C2AF1A2F300CD38FA /* Game_of_LifeUITests.swift */ = {isa = PBXFileReference; lastKnownFileType = sourcecode.swift; path = Game_of_LifeUITests.swift; sourceTree = "<group>"; };
		35F11D9E2AF1A2F300CD38FA /* Game_of_LifeUITestsLaunchTests.swift */ = {isa = PBXFileReference; lastKnownFileType = sourcecode.swift; path = Game_of_LifeUITestsLaunchTests.swift; sourceTree = "<group>"; };
		35F11DAE2AF1A36700CD38FA /* Cell.swift */ = {isa = PBXFileReference; lastKnownFileType = sourcecode.swift; path = Cell.swift; sourceTree = "<group>"; };
		35F11DB02AF1AB5D00CD38FA /* ViewController.swift */ = {isa = PBXFileReference; lastKnownFileType = sourcecode.swift; path = ViewController.swift; sourceTree = "<group>"; };
		35F11DB22AF1ABA000CD38FA /* Grid.swift */ = {isa = PBXFileReference; lastKnownFileType = sourcecode.swift; path = Grid.swift; sourceTree = "<group>"; };
/* End PBXFileReference section */

/* Begin PBXFrameworksBuildPhase section */
		35F11D722AF1A2F100CD38FA /* Frameworks */ = {
			isa = PBXFrameworksBuildPhase;
			buildActionMask = 2147483647;
			files = (
			);
			runOnlyForDeploymentPostprocessing = 0;
		};
		35F11D8B2AF1A2F300CD38FA /* Frameworks */ = {
			isa = PBXFrameworksBuildPhase;
			buildActionMask = 2147483647;
			files = (
			);
			runOnlyForDeploymentPostprocessing = 0;
		};
		35F11D952AF1A2F300CD38FA /* Frameworks */ = {
			isa = PBXFrameworksBuildPhase;
			buildActionMask = 2147483647;
			files = (
			);
			runOnlyForDeploymentPostprocessing = 0;
		};
/* End PBXFrameworksBuildPhase section */

/* Begin PBXGroup section */
		354BD80F2AF2975C005DBAD2 /* Extensions */ = {
			isa = PBXGroup;
			children = (
			);
			path = Extensions;
			sourceTree = "<group>";
		};
		35F11D6C2AF1A2F100CD38FA = {
			isa = PBXGroup;
			children = (
				35F11D772AF1A2F100CD38FA /* Game of Life */,
				35F11D912AF1A2F300CD38FA /* Game of LifeTests */,
				35F11D9B2AF1A2F300CD38FA /* Game of LifeUITests */,
				35F11D762AF1A2F100CD38FA /* Products */,
			);
			sourceTree = "<group>";
		};
		35F11D762AF1A2F100CD38FA /* Products */ = {
			isa = PBXGroup;
			children = (
				35F11D752AF1A2F100CD38FA /* Game of Life.app */,
				35F11D8E2AF1A2F300CD38FA /* Game of LifeTests.xctest */,
				35F11D982AF1A2F300CD38FA /* Game of LifeUITests.xctest */,
			);
			name = Products;
			sourceTree = "<group>";
		};
		35F11D772AF1A2F100CD38FA /* Game of Life */ = {
			isa = PBXGroup;
			children = (
				354BD80F2AF2975C005DBAD2 /* Extensions */,
				35F11DAD2AF1A33A00CD38FA /* Controller */,
				35F11DAC2AF1A32300CD38FA /* View */,
				35F11DAB2AF1A31C00CD38FA /* Model */,
				35F11D782AF1A2F100CD38FA /* AppDelegate.swift */,
				35F11D7A2AF1A2F100CD38FA /* SceneDelegate.swift */,
				35F11D842AF1A2F300CD38FA /* Assets.xcassets */,
				35F11D862AF1A2F300CD38FA /* LaunchScreen.storyboard */,
				35F11D892AF1A2F300CD38FA /* Info.plist */,
				35F11D812AF1A2F100CD38FA /* Game_of_Life.xcdatamodeld */,
			);
			path = "Game of Life";
			sourceTree = "<group>";
		};
		35F11D912AF1A2F300CD38FA /* Game of LifeTests */ = {
			isa = PBXGroup;
			children = (
				35F11D922AF1A2F300CD38FA /* Game_of_LifeTests.swift */,
			);
			path = "Game of LifeTests";
			sourceTree = "<group>";
		};
		35F11D9B2AF1A2F300CD38FA /* Game of LifeUITests */ = {
			isa = PBXGroup;
			children = (
				35F11D9C2AF1A2F300CD38FA /* Game_of_LifeUITests.swift */,
				35F11D9E2AF1A2F300CD38FA /* Game_of_LifeUITestsLaunchTests.swift */,
			);
			path = "Game of LifeUITests";
			sourceTree = "<group>";
		};
		35F11DAB2AF1A31C00CD38FA /* Model */ = {
			isa = PBXGroup;
			children = (
			);
			path = Model;
			sourceTree = "<group>";
		};
		35F11DAC2AF1A32300CD38FA /* View */ = {
			isa = PBXGroup;
			children = (
				35F11D7E2AF1A2F100CD38FA /* Main.storyboard */,
				35F11DB22AF1ABA000CD38FA /* Grid.swift */,
				35F11DAE2AF1A36700CD38FA /* Cell.swift */,
			);
			path = View;
			sourceTree = "<group>";
		};
		35F11DAD2AF1A33A00CD38FA /* Controller */ = {
			isa = PBXGroup;
			children = (
				35F11DB02AF1AB5D00CD38FA /* ViewController.swift */,
			);
			path = Controller;
			sourceTree = "<group>";
		};
/* End PBXGroup section */

/* Begin PBXNativeTarget section */
		35F11D742AF1A2F100CD38FA /* Game of Life */ = {
			isa = PBXNativeTarget;
			buildConfigurationList = 35F11DA22AF1A2F300CD38FA /* Build configuration list for PBXNativeTarget "Game of Life" */;
			buildPhases = (
				35F11D712AF1A2F100CD38FA /* Sources */,
				35F11D722AF1A2F100CD38FA /* Frameworks */,
				35F11D732AF1A2F100CD38FA /* Resources */,
			);
			buildRules = (
			);
			dependencies = (
			);
			name = "Game of Life";
			productName = "Game of Life";
			productReference = 35F11D752AF1A2F100CD38FA /* Game of Life.app */;
			productType = "com.apple.product-type.application";
		};
		35F11D8D2AF1A2F300CD38FA /* Game of LifeTests */ = {
			isa = PBXNativeTarget;
			buildConfigurationList = 35F11DA52AF1A2F300CD38FA /* Build configuration list for PBXNativeTarget "Game of LifeTests" */;
			buildPhases = (
				35F11D8A2AF1A2F300CD38FA /* Sources */,
				35F11D8B2AF1A2F300CD38FA /* Frameworks */,
				35F11D8C2AF1A2F300CD38FA /* Resources */,
			);
			buildRules = (
			);
			dependencies = (
				35F11D902AF1A2F300CD38FA /* PBXTargetDependency */,
			);
			name = "Game of LifeTests";
			productName = "Game of LifeTests";
			productReference = 35F11D8E2AF1A2F300CD38FA /* Game of LifeTests.xctest */;
			productType = "com.apple.product-type.bundle.unit-test";
		};
		35F11D972AF1A2F300CD38FA /* Game of LifeUITests */ = {
			isa = PBXNativeTarget;
			buildConfigurationList = 35F11DA82AF1A2F300CD38FA /* Build configuration list for PBXNativeTarget "Game of LifeUITests" */;
			buildPhases = (
				35F11D942AF1A2F300CD38FA /* Sources */,
				35F11D952AF1A2F300CD38FA /* Frameworks */,
				35F11D962AF1A2F300CD38FA /* Resources */,
			);
			buildRules = (
			);
			dependencies = (
				35F11D9A2AF1A2F300CD38FA /* PBXTargetDependency */,
			);
			name = "Game of LifeUITests";
			productName = "Game of LifeUITests";
			productReference = 35F11D982AF1A2F300CD38FA /* Game of LifeUITests.xctest */;
			productType = "com.apple.product-type.bundle.ui-testing";
		};
/* End PBXNativeTarget section */

/* Begin PBXProject section */
		35F11D6D2AF1A2F100CD38FA /* Project object */ = {
			isa = PBXProject;
			attributes = {
				BuildIndependentTargetsInParallel = 1;
				LastSwiftUpdateCheck = 1500;
				LastUpgradeCheck = 1500;
				TargetAttributes = {
					35F11D742AF1A2F100CD38FA = {
						CreatedOnToolsVersion = 15.0.1;
					};
					35F11D8D2AF1A2F300CD38FA = {
						CreatedOnToolsVersion = 15.0.1;
						TestTargetID = 35F11D742AF1A2F100CD38FA;
					};
					35F11D972AF1A2F300CD38FA = {
						CreatedOnToolsVersion = 15.0.1;
						TestTargetID = 35F11D742AF1A2F100CD38FA;
					};
				};
			};
			buildConfigurationList = 35F11D702AF1A2F100CD38FA /* Build configuration list for PBXProject "Game of Life" */;
			compatibilityVersion = "Xcode 14.0";
			developmentRegion = en;
			hasScannedForEncodings = 0;
			knownRegions = (
				en,
				Base,
			);
			mainGroup = 35F11D6C2AF1A2F100CD38FA;
			productRefGroup = 35F11D762AF1A2F100CD38FA /* Products */;
			projectDirPath = "";
			projectRoot = "";
			targets = (
				35F11D742AF1A2F100CD38FA /* Game of Life */,
				35F11D8D2AF1A2F300CD38FA /* Game of LifeTests */,
				35F11D972AF1A2F300CD38FA /* Game of LifeUITests */,
			);
		};
/* End PBXProject section */

/* Begin PBXResourcesBuildPhase section */
		35F11D732AF1A2F100CD38FA /* Resources */ = {
			isa = PBXResourcesBuildPhase;
			buildActionMask = 2147483647;
			files = (
				35F11D882AF1A2F300CD38FA /* LaunchScreen.storyboard in Resources */,
				35F11D852AF1A2F300CD38FA /* Assets.xcassets in Resources */,
				35F11D802AF1A2F100CD38FA /* Main.storyboard in Resources */,
			);
			runOnlyForDeploymentPostprocessing = 0;
		};
		35F11D8C2AF1A2F300CD38FA /* Resources */ = {
			isa = PBXResourcesBuildPhase;
			buildActionMask = 2147483647;
			files = (
			);
			runOnlyForDeploymentPostprocessing = 0;
		};
		35F11D962AF1A2F300CD38FA /* Resources */ = {
			isa = PBXResourcesBuildPhase;
			buildActionMask = 2147483647;
			files = (
			);
			runOnlyForDeploymentPostprocessing = 0;
		};
/* End PBXResourcesBuildPhase section */

/* Begin PBXSourcesBuildPhase section */
		35F11D712AF1A2F100CD38FA /* Sources */ = {
			isa = PBXSourcesBuildPhase;
			buildActionMask = 2147483647;
			files = (
				35F11DB12AF1AB5D00CD38FA /* ViewController.swift in Sources */,
				35F11D792AF1A2F100CD38FA /* AppDelegate.swift in Sources */,
				35F11DAF2AF1A36700CD38FA /* Cell.swift in Sources */,
				35F11D832AF1A2F100CD38FA /* Game_of_Life.xcdatamodeld in Sources */,
				35F11D7B2AF1A2F100CD38FA /* SceneDelegate.swift in Sources */,
				35F11DB32AF1ABA000CD38FA /* Grid.swift in Sources */,
			);
			runOnlyForDeploymentPostprocessing = 0;
		};
		35F11D8A2AF1A2F300CD38FA /* Sources */ = {
			isa = PBXSourcesBuildPhase;
			buildActionMask = 2147483647;
			files = (
				35F11D932AF1A2F300CD38FA /* Game_of_LifeTests.swift in Sources */,
			);
			runOnlyForDeploymentPostprocessing = 0;
		};
		35F11D942AF1A2F300CD38FA /* Sources */ = {
			isa = PBXSourcesBuildPhase;
			buildActionMask = 2147483647;
			files = (
				35F11D9D2AF1A2F300CD38FA /* Game_of_LifeUITests.swift in Sources */,
				35F11D9F2AF1A2F300CD38FA /* Game_of_LifeUITestsLaunchTests.swift in Sources */,
			);
			runOnlyForDeploymentPostprocessing = 0;
		};
/* End PBXSourcesBuildPhase section */

/* Begin PBXTargetDependency section */
		35F11D902AF1A2F300CD38FA /* PBXTargetDependency */ = {
			isa = PBXTargetDependency;
			target = 35F11D742AF1A2F100CD38FA /* Game of Life */;
			targetProxy = 35F11D8F2AF1A2F300CD38FA /* PBXContainerItemProxy */;
		};
		35F11D9A2AF1A2F300CD38FA /* PBXTargetDependency */ = {
			isa = PBXTargetDependency;
			target = 35F11D742AF1A2F100CD38FA /* Game of Life */;
			targetProxy = 35F11D992AF1A2F300CD38FA /* PBXContainerItemProxy */;
		};
/* End PBXTargetDependency section */

/* Begin PBXVariantGroup section */
		35F11D7E2AF1A2F100CD38FA /* Main.storyboard */ = {
			isa = PBXVariantGroup;
			children = (
				35F11D7F2AF1A2F100CD38FA /* Base */,
			);
			name = Main.storyboard;
			sourceTree = "<group>";
		};
		35F11D862AF1A2F300CD38FA /* LaunchScreen.storyboard */ = {
			isa = PBXVariantGroup;
			children = (
				35F11D872AF1A2F300CD38FA /* Base */,
			);
			name = LaunchScreen.storyboard;
			sourceTree = "<group>";
		};
/* End PBXVariantGroup section */

/* Begin XCBuildConfiguration section */
		35F11DA02AF1A2F300CD38FA /* Debug */ = {
			isa = XCBuildConfiguration;
			buildSettings = {
				ALWAYS_SEARCH_USER_PATHS = NO;
				ASSETCATALOG_COMPILER_GENERATE_SWIFT_ASSET_SYMBOL_EXTENSIONS = YES;
				CLANG_ANALYZER_NONNULL = YES;
				CLANG_ANALYZER_NUMBER_OBJECT_CONVERSION = YES_AGGRESSIVE;
				CLANG_CXX_LANGUAGE_STANDARD = "gnu++20";
				CLANG_ENABLE_MODULES = YES;
				CLANG_ENABLE_OBJC_ARC = YES;
				CLANG_ENABLE_OBJC_WEAK = YES;
				CLANG_WARN_BLOCK_CAPTURE_AUTORELEASING = YES;
				CLANG_WARN_BOOL_CONVERSION = YES;
				CLANG_WARN_COMMA = YES;
				CLANG_WARN_CONSTANT_CONVERSION = YES;
				CLANG_WARN_DEPRECATED_OBJC_IMPLEMENTATIONS = YES;
				CLANG_WARN_DIRECT_OBJC_ISA_USAGE = YES_ERROR;
				CLANG_WARN_DOCUMENTATION_COMMENTS = YES;
				CLANG_WARN_EMPTY_BODY = YES;
				CLANG_WARN_ENUM_CONVERSION = YES;
				CLANG_WARN_INFINITE_RECURSION = YES;
				CLANG_WARN_INT_CONVERSION = YES;
				CLANG_WARN_NON_LITERAL_NULL_CONVERSION = YES;
				CLANG_WARN_OBJC_IMPLICIT_RETAIN_SELF = YES;
				CLANG_WARN_OBJC_LITERAL_CONVERSION = YES;
				CLANG_WARN_OBJC_ROOT_CLASS = YES_ERROR;
				CLANG_WARN_QUOTED_INCLUDE_IN_FRAMEWORK_HEADER = YES;
				CLANG_WARN_RANGE_LOOP_ANALYSIS = YES;
				CLANG_WARN_STRICT_PROTOTYPES = YES;
				CLANG_WARN_SUSPICIOUS_MOVE = YES;
				CLANG_WARN_UNGUARDED_AVAILABILITY = YES_AGGRESSIVE;
				CLANG_WARN_UNREACHABLE_CODE = YES;
				CLANG_WARN__DUPLICATE_METHOD_MATCH = YES;
				COPY_PHASE_STRIP = NO;
				DEBUG_INFORMATION_FORMAT = dwarf;
				ENABLE_STRICT_OBJC_MSGSEND = YES;
				ENABLE_TESTABILITY = YES;
				ENABLE_USER_SCRIPT_SANDBOXING = YES;
				GCC_C_LANGUAGE_STANDARD = gnu17;
				GCC_DYNAMIC_NO_PIC = NO;
				GCC_NO_COMMON_BLOCKS = YES;
				GCC_OPTIMIZATION_LEVEL = 0;
				GCC_PREPROCESSOR_DEFINITIONS = (
					"DEBUG=1",
					"$(inherited)",
				);
				GCC_WARN_64_TO_32_BIT_CONVERSION = YES;
				GCC_WARN_ABOUT_RETURN_TYPE = YES_ERROR;
				GCC_WARN_UNDECLARED_SELECTOR = YES;
				GCC_WARN_UNINITIALIZED_AUTOS = YES_AGGRESSIVE;
				GCC_WARN_UNUSED_FUNCTION = YES;
				GCC_WARN_UNUSED_VARIABLE = YES;
				IPHONEOS_DEPLOYMENT_TARGET = 17.0;
				LOCALIZATION_PREFERS_STRING_CATALOGS = YES;
				MTL_ENABLE_DEBUG_INFO = INCLUDE_SOURCE;
				MTL_FAST_MATH = YES;
				ONLY_ACTIVE_ARCH = YES;
				SDKROOT = iphoneos;
				SWIFT_ACTIVE_COMPILATION_CONDITIONS = "DEBUG $(inherited)";
				SWIFT_OPTIMIZATION_LEVEL = "-Onone";
			};
			name = Debug;
		};
		35F11DA12AF1A2F300CD38FA /* Release */ = {
			isa = XCBuildConfiguration;
			buildSettings = {
				ALWAYS_SEARCH_USER_PATHS = NO;
				ASSETCATALOG_COMPILER_GENERATE_SWIFT_ASSET_SYMBOL_EXTENSIONS = YES;
				CLANG_ANALYZER_NONNULL = YES;
				CLANG_ANALYZER_NUMBER_OBJECT_CONVERSION = YES_AGGRESSIVE;
				CLANG_CXX_LANGUAGE_STANDARD = "gnu++20";
				CLANG_ENABLE_MODULES = YES;
				CLANG_ENABLE_OBJC_ARC = YES;
				CLANG_ENABLE_OBJC_WEAK = YES;
				CLANG_WARN_BLOCK_CAPTURE_AUTORELEASING = YES;
				CLANG_WARN_BOOL_CONVERSION = YES;
				CLANG_WARN_COMMA = YES;
				CLANG_WARN_CONSTANT_CONVERSION = YES;
				CLANG_WARN_DEPRECATED_OBJC_IMPLEMENTATIONS = YES;
				CLANG_WARN_DIRECT_OBJC_ISA_USAGE = YES_ERROR;
				CLANG_WARN_DOCUMENTATION_COMMENTS = YES;
				CLANG_WARN_EMPTY_BODY = YES;
				CLANG_WARN_ENUM_CONVERSION = YES;
				CLANG_WARN_INFINITE_RECURSION = YES;
				CLANG_WARN_INT_CONVERSION = YES;
				CLANG_WARN_NON_LITERAL_NULL_CONVERSION = YES;
				CLANG_WARN_OBJC_IMPLICIT_RETAIN_SELF = YES;
				CLANG_WARN_OBJC_LITERAL_CONVERSION = YES;
				CLANG_WARN_OBJC_ROOT_CLASS = YES_ERROR;
				CLANG_WARN_QUOTED_INCLUDE_IN_FRAMEWORK_HEADER = YES;
				CLANG_WARN_RANGE_LOOP_ANALYSIS = YES;
				CLANG_WARN_STRICT_PROTOTYPES = YES;
				CLANG_WARN_SUSPICIOUS_MOVE = YES;
				CLANG_WARN_UNGUARDED_AVAILABILITY = YES_AGGRESSIVE;
				CLANG_WARN_UNREACHABLE_CODE = YES;
				CLANG_WARN__DUPLICATE_METHOD_MATCH = YES;
				COPY_PHASE_STRIP = NO;
				DEBUG_INFORMATION_FORMAT = "dwarf-with-dsym";
				ENABLE_NS_ASSERTIONS = NO;
				ENABLE_STRICT_OBJC_MSGSEND = YES;
				ENABLE_USER_SCRIPT_SANDBOXING = YES;
				GCC_C_LANGUAGE_STANDARD = gnu17;
				GCC_NO_COMMON_BLOCKS = YES;
				GCC_WARN_64_TO_32_BIT_CONVERSION = YES;
				GCC_WARN_ABOUT_RETURN_TYPE = YES_ERROR;
				GCC_WARN_UNDECLARED_SELECTOR = YES;
				GCC_WARN_UNINITIALIZED_AUTOS = YES_AGGRESSIVE;
				GCC_WARN_UNUSED_FUNCTION = YES;
				GCC_WARN_UNUSED_VARIABLE = YES;
				IPHONEOS_DEPLOYMENT_TARGET = 17.0;
				LOCALIZATION_PREFERS_STRING_CATALOGS = YES;
				MTL_ENABLE_DEBUG_INFO = NO;
				MTL_FAST_MATH = YES;
				SDKROOT = iphoneos;
				SWIFT_COMPILATION_MODE = wholemodule;
				VALIDATE_PRODUCT = YES;
			};
			name = Release;
		};
		35F11DA32AF1A2F300CD38FA /* Debug */ = {
			isa = XCBuildConfiguration;
			buildSettings = {
				ASSETCATALOG_COMPILER_APPICON_NAME = AppIcon;
				ASSETCATALOG_COMPILER_GLOBAL_ACCENT_COLOR_NAME = AccentColor;
				CODE_SIGN_STYLE = Automatic;
				CURRENT_PROJECT_VERSION = 1;
				DEVELOPMENT_TEAM = UZWFQJ3AAN;
				GENERATE_INFOPLIST_FILE = YES;
				INFOPLIST_FILE = "Game of Life/Info.plist";
				INFOPLIST_KEY_UIApplicationSupportsIndirectInputEvents = YES;
				INFOPLIST_KEY_UILaunchStoryboardName = LaunchScreen;
				INFOPLIST_KEY_UIMainStoryboardFile = Main;
				INFOPLIST_KEY_UISupportedInterfaceOrientations_iPad = "UIInterfaceOrientationPortrait UIInterfaceOrientationPortraitUpsideDown UIInterfaceOrientationLandscapeLeft UIInterfaceOrientationLandscapeRight";
				INFOPLIST_KEY_UISupportedInterfaceOrientations_iPhone = "UIInterfaceOrientationPortrait UIInterfaceOrientationLandscapeLeft UIInterfaceOrientationLandscapeRight";
				LD_RUNPATH_SEARCH_PATHS = (
					"$(inherited)",
					"@executable_path/Frameworks",
				);
				MARKETING_VERSION = 1.0;
				PRODUCT_BUNDLE_IDENTIFIER = "com.metevesek.Game-of-Life";
				PRODUCT_NAME = "$(TARGET_NAME)";
				SWIFT_EMIT_LOC_STRINGS = YES;
				SWIFT_VERSION = 5.0;
				TARGETED_DEVICE_FAMILY = "1,2";
			};
			name = Debug;
		};
		35F11DA42AF1A2F300CD38FA /* Release */ = {
			isa = XCBuildConfiguration;
			buildSettings = {
				ASSETCATALOG_COMPILER_APPICON_NAME = AppIcon;
				ASSETCATALOG_COMPILER_GLOBAL_ACCENT_COLOR_NAME = AccentColor;
				CODE_SIGN_STYLE = Automatic;
				CURRENT_PROJECT_VERSION = 1;
				DEVELOPMENT_TEAM = UZWFQJ3AAN;
				GENERATE_INFOPLIST_FILE = YES;
				INFOPLIST_FILE = "Game of Life/Info.plist";
				INFOPLIST_KEY_UIApplicationSupportsIndirectInputEvents = YES;
				INFOPLIST_KEY_UILaunchStoryboardName = LaunchScreen;
				INFOPLIST_KEY_UIMainStoryboardFile = Main;
				INFOPLIST_KEY_UISupportedInterfaceOrientations_iPad = "UIInterfaceOrientationPortrait UIInterfaceOrientationPortraitUpsideDown UIInterfaceOrientationLandscapeLeft UIInterfaceOrientationLandscapeRight";
				INFOPLIST_KEY_UISupportedInterfaceOrientations_iPhone = "UIInterfaceOrientationPortrait UIInterfaceOrientationLandscapeLeft UIInterfaceOrientationLandscapeRight";
				LD_RUNPATH_SEARCH_PATHS = (
					"$(inherited)",
					"@executable_path/Frameworks",
				);
				MARKETING_VERSION = 1.0;
				PRODUCT_BUNDLE_IDENTIFIER = "com.metevesek.Game-of-Life";
				PRODUCT_NAME = "$(TARGET_NAME)";
				SWIFT_EMIT_LOC_STRINGS = YES;
				SWIFT_VERSION = 5.0;
				TARGETED_DEVICE_FAMILY = "1,2";
			};
			name = Release;
		};
		35F11DA62AF1A2F300CD38FA /* Debug */ = {
			isa = XCBuildConfiguration;
			buildSettings = {
				ALWAYS_EMBED_SWIFT_STANDARD_LIBRARIES = YES;
				BUNDLE_LOADER = "$(TEST_HOST)";
				CODE_SIGN_STYLE = Automatic;
				CURRENT_PROJECT_VERSION = 1;
				DEVELOPMENT_TEAM = UZWFQJ3AAN;
				GENERATE_INFOPLIST_FILE = YES;
				IPHONEOS_DEPLOYMENT_TARGET = 17.0;
				MARKETING_VERSION = 1.0;
				PRODUCT_BUNDLE_IDENTIFIER = "com.metevesek.Game-of-LifeTests";
				PRODUCT_NAME = "$(TARGET_NAME)";
				SWIFT_EMIT_LOC_STRINGS = NO;
				SWIFT_VERSION = 5.0;
				TARGETED_DEVICE_FAMILY = "1,2";
				TEST_HOST = "$(BUILT_PRODUCTS_DIR)/Game of Life.app/$(BUNDLE_EXECUTABLE_FOLDER_PATH)/Game of Life";
			};
			name = Debug;
		};
		35F11DA72AF1A2F300CD38FA /* Release */ = {
			isa = XCBuildConfiguration;
			buildSettings = {
				ALWAYS_EMBED_SWIFT_STANDARD_LIBRARIES = YES;
				BUNDLE_LOADER = "$(TEST_HOST)";
				CODE_SIGN_STYLE = Automatic;
				CURRENT_PROJECT_VERSION = 1;
				DEVELOPMENT_TEAM = UZWFQJ3AAN;
				GENERATE_INFOPLIST_FILE = YES;
				IPHONEOS_DEPLOYMENT_TARGET = 17.0;
				MARKETING_VERSION = 1.0;
				PRODUCT_BUNDLE_IDENTIFIER = "com.metevesek.Game-of-LifeTests";
				PRODUCT_NAME = "$(TARGET_NAME)";
				SWIFT_EMIT_LOC_STRINGS = NO;
				SWIFT_VERSION = 5.0;
				TARGETED_DEVICE_FAMILY = "1,2";
				TEST_HOST = "$(BUILT_PRODUCTS_DIR)/Game of Life.app/$(BUNDLE_EXECUTABLE_FOLDER_PATH)/Game of Life";
			};
			name = Release;
		};
		35F11DA92AF1A2F300CD38FA /* Debug */ = {
			isa = XCBuildConfiguration;
			buildSettings = {
				ALWAYS_EMBED_SWIFT_STANDARD_LIBRARIES = YES;
				CODE_SIGN_STYLE = Automatic;
				CURRENT_PROJECT_VERSION = 1;
				DEVELOPMENT_TEAM = UZWFQJ3AAN;
				GENERATE_INFOPLIST_FILE = YES;
				MARKETING_VERSION = 1.0;
				PRODUCT_BUNDLE_IDENTIFIER = "com.metevesek.Game-of-LifeUITests";
				PRODUCT_NAME = "$(TARGET_NAME)";
				SWIFT_EMIT_LOC_STRINGS = NO;
				SWIFT_VERSION = 5.0;
				TARGETED_DEVICE_FAMILY = "1,2";
				TEST_TARGET_NAME = "Game of Life";
			};
			name = Debug;
		};
		35F11DAA2AF1A2F300CD38FA /* Release */ = {
			isa = XCBuildConfiguration;
			buildSettings = {
				ALWAYS_EMBED_SWIFT_STANDARD_LIBRARIES = YES;
				CODE_SIGN_STYLE = Automatic;
				CURRENT_PROJECT_VERSION = 1;
				DEVELOPMENT_TEAM = UZWFQJ3AAN;
				GENERATE_INFOPLIST_FILE = YES;
				MARKETING_VERSION = 1.0;
				PRODUCT_BUNDLE_IDENTIFIER = "com.metevesek.Game-of-LifeUITests";
				PRODUCT_NAME = "$(TARGET_NAME)";
				SWIFT_EMIT_LOC_STRINGS = NO;
				SWIFT_VERSION = 5.0;
				TARGETED_DEVICE_FAMILY = "1,2";
				TEST_TARGET_NAME = "Game of Life";
			};
			name = Release;
		};
/* End XCBuildConfiguration section */

/* Begin XCConfigurationList section */
		35F11D702AF1A2F100CD38FA /* Build configuration list for PBXProject "Game of Life" */ = {
			isa = XCConfigurationList;
			buildConfigurations = (
				35F11DA02AF1A2F300CD38FA /* Debug */,
				35F11DA12AF1A2F300CD38FA /* Release */,
			);
			defaultConfigurationIsVisible = 0;
			defaultConfigurationName = Release;
		};
		35F11DA22AF1A2F300CD38FA /* Build configuration list for PBXNativeTarget "Game of Life" */ = {
			isa = XCConfigurationList;
			buildConfigurations = (
				35F11DA32AF1A2F300CD38FA /* Debug */,
				35F11DA42AF1A2F300CD38FA /* Release */,
			);
			defaultConfigurationIsVisible = 0;
			defaultConfigurationName = Release;
		};
		35F11DA52AF1A2F300CD38FA /* Build configuration list for PBXNativeTarget "Game of LifeTests" */ = {
			isa = XCConfigurationList;
			buildConfigurations = (
				35F11DA62AF1A2F300CD38FA /* Debug */,
				35F11DA72AF1A2F300CD38FA /* Release */,
			);
			defaultConfigurationIsVisible = 0;
			defaultConfigurationName = Release;
		};
		35F11DA82AF1A2F300CD38FA /* Build configuration list for PBXNativeTarget "Game of LifeUITests" */ = {
			isa = XCConfigurationList;
			buildConfigurations = (
				35F11DA92AF1A2F300CD38FA /* Debug */,
				35F11DAA2AF1A2F300CD38FA /* Release */,
			);
			defaultConfigurationIsVisible = 0;
			defaultConfigurationName = Release;
		};
/* End XCConfigurationList section */

/* Begin XCVersionGroup section */
		35F11D812AF1A2F100CD38FA /* Game_of_Life.xcdatamodeld */ = {
			isa = XCVersionGroup;
			children = (
				35F11D822AF1A2F100CD38FA /* Game_of_Life.xcdatamodel */,
			);
			currentVersion = 35F11D822AF1A2F100CD38FA /* Game_of_Life.xcdatamodel */;
			path = Game_of_Life.xcdatamodeld;
			sourceTree = "<group>";
			versionGroupType = wrapper.xcdatamodel;
		};
/* End XCVersionGroup section */
	};
	rootObject = 35F11D6D2AF1A2F100CD38FA /* Project object */;
}
